
Microsoft Visual Studio Solution File, Format Version 12.00
# Visual Studio Version 16
VisualStudioVersion = 16.0.29728.190
MinimumVisualStudioVersion = 10.0.40219.1
Project("{9A19103F-16F7-4668-BE54-9A1E7A4F7556}") = "ASS_PRC.Api", "ASS_PRC.Api\ASS_PRC.Api.csproj", "{A7C5793E-75B3-4BF3-9B8B-B0AD66A15D95}"
EndProject
Project("{9A19103F-16F7-4668-BE54-9A1E7A4F7556}") = "ASS_PRC.Data", "ASS_PRC.Data\ASS_PRC.Data.csproj", "{BC3D3F4E-E9AA-43BB-840F-0BEFB1396390}"
EndProject
Project("{9A19103F-16F7-4668-BE54-9A1E7A4F7556}") = "ASS_PRC.Services", "ASS_PRC.Service\ASS_PRC.Services.csproj", "{0D0C67D9-C50E-4F66-9797-37FFC663A50F}"
EndProject
Project("{9A19103F-16F7-4668-BE54-9A1E7A4F7556}") = "ASS_PRC.WebAdmin", "ASS_PRC.WebAdminAS\ASS_PRC.WebAdmin.csproj", "{4382A3F0-6907-4E12-8F43-6D72C03B2116}"
EndProject
Global
	GlobalSection(SolutionConfigurationPlatforms) = preSolution
		Debug|Any CPU = Debug|Any CPU
		Release|Any CPU = Release|Any CPU
	EndGlobalSection
	GlobalSection(ProjectConfigurationPlatforms) = postSolution
		{A7C5793E-75B3-4BF3-9B8B-B0AD66A15D95}.Debug|Any CPU.ActiveCfg = Debug|Any CPU
		{A7C5793E-75B3-4BF3-9B8B-B0AD66A15D95}.Debug|Any CPU.Build.0 = Debug|Any CPU
		{A7C5793E-75B3-4BF3-9B8B-B0AD66A15D95}.Release|Any CPU.ActiveCfg = Release|Any CPU
		{A7C5793E-75B3-4BF3-9B8B-B0AD66A15D95}.Release|Any CPU.Build.0 = Release|Any CPU
		{BC3D3F4E-E9AA-43BB-840F-0BEFB1396390}.Debug|Any CPU.ActiveCfg = Debug|Any CPU
		{BC3D3F4E-E9AA-43BB-840F-0BEFB1396390}.Debug|Any CPU.Build.0 = Debug|Any CPU
		{BC3D3F4E-E9AA-43BB-840F-0BEFB1396390}.Release|Any CPU.ActiveCfg = Release|Any CPU
		{BC3D3F4E-E9AA-43BB-840F-0BEFB1396390}.Release|Any CPU.Build.0 = Release|Any CPU
		{0D0C67D9-C50E-4F66-9797-37FFC663A50F}.Debug|Any CPU.ActiveCfg = Debug|Any CPU
		{0D0C67D9-C50E-4F66-9797-37FFC663A50F}.Debug|Any CPU.Build.0 = Debug|Any CPU
		{0D0C67D9-C50E-4F66-9797-37FFC663A50F}.Release|Any CPU.ActiveCfg = Release|Any CPU
		{0D0C67D9-C50E-4F66-9797-37FFC663A50F}.Release|Any CPU.Build.0 = Release|Any CPU
		{4382A3F0-6907-4E12-8F43-6D72C03B2116}.Debug|Any CPU.ActiveCfg = Debug|Any CPU
		{4382A3F0-6907-4E12-8F43-6D72C03B2116}.Debug|Any CPU.Build.0 = Debug|Any CPU
		{4382A3F0-6907-4E12-8F43-6D72C03B2116}.Release|Any CPU.ActiveCfg = Release|Any CPU
		{4382A3F0-6907-4E12-8F43-6D72C03B2116}.Release|Any CPU.Build.0 = Release|Any CPU
	EndGlobalSection
	GlobalSection(SolutionProperties) = preSolution
		HideSolutionNode = FALSE
	EndGlobalSection
	GlobalSection(ExtensibilityGlobals) = postSolution
		SolutionGuid = {64E2FBDE-D4EC-4049-A7B8-8B9CE7A81048}
	EndGlobalSection
EndGlobal
